// !$*UTF8*$!
{
	archiveVersion = 1;
	classes = {
	};
	objectVersion = 55;
	objects = {

/* Begin PBXBuildFile section */
		27702B0C27A0A64800E5E5DD /* AppDelegate.swift in Sources */ = {isa = PBXBuildFile; fileRef = 27702B0B27A0A64800E5E5DD /* AppDelegate.swift */; };
		27702B0E27A0A64800E5E5DD /* SceneDelegate.swift in Sources */ = {isa = PBXBuildFile; fileRef = 27702B0D27A0A64800E5E5DD /* SceneDelegate.swift */; };
		27702B1027A0A64800E5E5DD /* ViewController.swift in Sources */ = {isa = PBXBuildFile; fileRef = 27702B0F27A0A64800E5E5DD /* ViewController.swift */; };
		27702B1327A0A64800E5E5DD /* Main.storyboard in Resources */ = {isa = PBXBuildFile; fileRef = 27702B1127A0A64800E5E5DD /* Main.storyboard */; };
		27702B1527A0A64900E5E5DD /* Assets.xcassets in Resources */ = {isa = PBXBuildFile; fileRef = 27702B1427A0A64900E5E5DD /* Assets.xcassets */; };
		27702B1827A0A64900E5E5DD /* LaunchScreen.storyboard in Resources */ = {isa = PBXBuildFile; fileRef = 27702B1627A0A64900E5E5DD /* LaunchScreen.storyboard */; };
		27702B2327A0A64900E5E5DD /* SearchListTests.swift in Sources */ = {isa = PBXBuildFile; fileRef = 27702B2227A0A64900E5E5DD /* SearchListTests.swift */; };
		27702B2D27A0A64900E5E5DD /* SearchListUITests.swift in Sources */ = {isa = PBXBuildFile; fileRef = 27702B2C27A0A64900E5E5DD /* SearchListUITests.swift */; };
		27702B2F27A0A64900E5E5DD /* SearchListUITestsLaunchTests.swift in Sources */ = {isa = PBXBuildFile; fileRef = 27702B2E27A0A64900E5E5DD /* SearchListUITestsLaunchTests.swift */; };
/* End PBXBuildFile section */

/* Begin PBXContainerItemProxy section */
		27702B1F27A0A64900E5E5DD /* PBXContainerItemProxy */ = {
			isa = PBXContainerItemProxy;
			containerPortal = 27702B0027A0A64800E5E5DD /* Project object */;
			proxyType = 1;
			remoteGlobalIDString = 27702B0727A0A64800E5E5DD;
			remoteInfo = SearchList;
		};
		27702B2927A0A64900E5E5DD /* PBXContainerItemProxy */ = {
			isa = PBXContainerItemProxy;
			containerPortal = 27702B0027A0A64800E5E5DD /* Project object */;
			proxyType = 1;
			remoteGlobalIDString = 27702B0727A0A64800E5E5DD;
			remoteInfo = SearchList;
		};
/* End PBXContainerItemProxy section */

/* Begin PBXFileReference section */
		27702B0827A0A64800E5E5DD /* SearchList.app */ = {isa = PBXFileReference; explicitFileType = wrapper.application; includeInIndex = 0; path = SearchList.app; sourceTree = BUILT_PRODUCTS_DIR; };
		27702B0B27A0A64800E5E5DD /* AppDelegate.swift */ = {isa = PBXFileReference; lastKnownFileType = sourcecode.swift; path = AppDelegate.swift; sourceTree = "<group>"; };
		27702B0D27A0A64800E5E5DD /* SceneDelegate.swift */ = {isa = PBXFileReference; lastKnownFileType = sourcecode.swift; path = SceneDelegate.swift; sourceTree = "<group>"; };
		27702B0F27A0A64800E5E5DD /* ViewController.swift */ = {isa = PBXFileReference; lastKnownFileType = sourcecode.swift; path = ViewController.swift; sourceTree = "<group>"; };
		27702B1227A0A64800E5E5DD /* Base */ = {isa = PBXFileReference; lastKnownFileType = file.storyboard; name = Base; path = Base.lproj/Main.storyboard; sourceTree = "<group>"; };
		27702B1427A0A64900E5E5DD /* Assets.xcassets */ = {isa = PBXFileReference; lastKnownFileType = folder.assetcatalog; path = Assets.xcassets; sourceTree = "<group>"; };
		27702B1727A0A64900E5E5DD /* Base */ = {isa = PBXFileReference; lastKnownFileType = file.storyboard; name = Base; path = Base.lproj/LaunchScreen.storyboard; sourceTree = "<group>"; };
		27702B1927A0A64900E5E5DD /* Info.plist */ = {isa = PBXFileReference; lastKnownFileType = text.plist.xml; path = Info.plist; sourceTree = "<group>"; };
		27702B1E27A0A64900E5E5DD /* SearchListTests.xctest */ = {isa = PBXFileReference; explicitFileType = wrapper.cfbundle; includeInIndex = 0; path = SearchListTests.xctest; sourceTree = BUILT_PRODUCTS_DIR; };
		27702B2227A0A64900E5E5DD /* SearchListTests.swift */ = {isa = PBXFileReference; lastKnownFileType = sourcecode.swift; path = SearchListTests.swift; sourceTree = "<group>"; };
		27702B2827A0A64900E5E5DD /* SearchListUITests.xctest */ = {isa = PBXFileReference; explicitFileType = wrapper.cfbundle; includeInIndex = 0; path = SearchListUITests.xctest; sourceTree = BUILT_PRODUCTS_DIR; };
		27702B2C27A0A64900E5E5DD /* SearchListUITests.swift */ = {isa = PBXFileReference; lastKnownFileType = sourcecode.swift; path = SearchListUITests.swift; sourceTree = "<group>"; };
		27702B2E27A0A64900E5E5DD /* SearchListUITestsLaunchTests.swift */ = {isa = PBXFileReference; lastKnownFileType = sourcecode.swift; path = SearchListUITestsLaunchTests.swift; sourceTree = "<group>"; };
/* End PBXFileReference section */

/* Begin PBXFrameworksBuildPhase section */
		27702B0527A0A64800E5E5DD /* Frameworks */ = {
			isa = PBXFrameworksBuildPhase;
			buildActionMask = 2147483647;
			files = (
			);
			runOnlyForDeploymentPostprocessing = 0;
		};
		27702B1B27A0A64900E5E5DD /* Frameworks */ = {
			isa = PBXFrameworksBuildPhase;
			buildActionMask = 2147483647;
			files = (
			);
			runOnlyForDeploymentPostprocessing = 0;
		};
		27702B2527A0A64900E5E5DD /* Frameworks */ = {
			isa = PBXFrameworksBuildPhase;
			buildActionMask = 2147483647;
			files = (
			);
			runOnlyForDeploymentPostprocessing = 0;
		};
/* End PBXFrameworksBuildPhase section */

/* Begin PBXGroup section */
		27702AFF27A0A64800E5E5DD = {
			isa = PBXGroup;
			children = (
				27702B0A27A0A64800E5E5DD /* SearchList */,
				27702B2127A0A64900E5E5DD /* SearchListTests */,
				27702B2B27A0A64900E5E5DD /* SearchListUITests */,
				27702B0927A0A64800E5E5DD /* Products */,
			);
			sourceTree = "<group>";
		};
		27702B0927A0A64800E5E5DD /* Products */ = {
			isa = PBXGroup;
			children = (
				27702B0827A0A64800E5E5DD /* SearchList.app */,
				27702B1E27A0A64900E5E5DD /* SearchListTests.xctest */,
				27702B2827A0A64900E5E5DD /* SearchListUITests.xctest */,
			);
			name = Products;
			sourceTree = "<group>";
		};
		27702B0A27A0A64800E5E5DD /* SearchList */ = {
			isa = PBXGroup;
			children = (
				27702B0B27A0A64800E5E5DD /* AppDelegate.swift */,
				27702B0D27A0A64800E5E5DD /* SceneDelegate.swift */,
				27702B0F27A0A64800E5E5DD /* ViewController.swift */,
				27702B1127A0A64800E5E5DD /* Main.storyboard */,
				27702B1427A0A64900E5E5DD /* Assets.xcassets */,
				27702B1627A0A64900E5E5DD /* LaunchScreen.storyboard */,
				27702B1927A0A64900E5E5DD /* Info.plist */,
			);
			path = SearchList;
			sourceTree = "<group>";
		};
		27702B2127A0A64900E5E5DD /* SearchListTests */ = {
			isa = PBXGroup;
			children = (
				27702B2227A0A64900E5E5DD /* SearchListTests.swift */,
			);
			path = SearchListTests;
			sourceTree = "<group>";
		};
		27702B2B27A0A64900E5E5DD /* SearchListUITests */ = {
			isa = PBXGroup;
			children = (
				27702B2C27A0A64900E5E5DD /* SearchListUITests.swift */,
				27702B2E27A0A64900E5E5DD /* SearchListUITestsLaunchTests.swift */,
			);
			path = SearchListUITests;
			sourceTree = "<group>";
		};
/* End PBXGroup section */

/* Begin PBXNativeTarget section */
		27702B0727A0A64800E5E5DD /* SearchList */ = {
			isa = PBXNativeTarget;
			buildConfigurationList = 27702B3227A0A64900E5E5DD /* Build configuration list for PBXNativeTarget "SearchList" */;
			buildPhases = (
				27702B0427A0A64800E5E5DD /* Sources */,
				27702B0527A0A64800E5E5DD /* Frameworks */,
				27702B0627A0A64800E5E5DD /* Resources */,
			);
			buildRules = (
			);
			dependencies = (
			);
			name = SearchList;
			productName = SearchList;
			productReference = 27702B0827A0A64800E5E5DD /* SearchList.app */;
			productType = "com.apple.product-type.application";
		};
		27702B1D27A0A64900E5E5DD /* SearchListTests */ = {
			isa = PBXNativeTarget;
			buildConfigurationList = 27702B3527A0A64900E5E5DD /* Build configuration list for PBXNativeTarget "SearchListTests" */;
			buildPhases = (
				27702B1A27A0A64900E5E5DD /* Sources */,
				27702B1B27A0A64900E5E5DD /* Frameworks */,
				27702B1C27A0A64900E5E5DD /* Resources */,
			);
			buildRules = (
			);
			dependencies = (
				27702B2027A0A64900E5E5DD /* PBXTargetDependency */,
			);
			name = SearchListTests;
			productName = SearchListTests;
			productReference = 27702B1E27A0A64900E5E5DD /* SearchListTests.xctest */;
			productType = "com.apple.product-type.bundle.unit-test";
		};
		27702B2727A0A64900E5E5DD /* SearchListUITests */ = {
			isa = PBXNativeTarget;
			buildConfigurationList = 27702B3827A0A64900E5E5DD /* Build configuration list for PBXNativeTarget "SearchListUITests" */;
			buildPhases = (
				27702B2427A0A64900E5E5DD /* Sources */,
				27702B2527A0A64900E5E5DD /* Frameworks */,
				27702B2627A0A64900E5E5DD /* Resources */,
			);
			buildRules = (
			);
			dependencies = (
				27702B2A27A0A64900E5E5DD /* PBXTargetDependency */,
			);
			name = SearchListUITests;
			productName = SearchListUITests;
			productReference = 27702B2827A0A64900E5E5DD /* SearchListUITests.xctest */;
			productType = "com.apple.product-type.bundle.ui-testing";
		};
/* End PBXNativeTarget section */

/* Begin PBXProject section */
		27702B0027A0A64800E5E5DD /* Project object */ = {
			isa = PBXProject;
			attributes = {
				BuildIndependentTargetsInParallel = 1;
				LastSwiftUpdateCheck = 1310;
				LastUpgradeCheck = 1310;
				TargetAttributes = {
					27702B0727A0A64800E5E5DD = {
						CreatedOnToolsVersion = 13.1;
					};
					27702B1D27A0A64900E5E5DD = {
						CreatedOnToolsVersion = 13.1;
						TestTargetID = 27702B0727A0A64800E5E5DD;
					};
					27702B2727A0A64900E5E5DD = {
						CreatedOnToolsVersion = 13.1;
						TestTargetID = 27702B0727A0A64800E5E5DD;
					};
				};
			};
			buildConfigurationList = 27702B0327A0A64800E5E5DD /* Build configuration list for PBXProject "SearchList" */;
			compatibilityVersion = "Xcode 13.0";
			developmentRegion = en;
			hasScannedForEncodings = 0;
			knownRegions = (
				en,
				Base,
			);
			mainGroup = 27702AFF27A0A64800E5E5DD;
			productRefGroup = 27702B0927A0A64800E5E5DD /* Products */;
			projectDirPath = "";
			projectRoot = "";
			targets = (
				27702B0727A0A64800E5E5DD /* SearchList */,
				27702B1D27A0A64900E5E5DD /* SearchListTests */,
				27702B2727A0A64900E5E5DD /* SearchListUITests */,
			);
		};
/* End PBXProject section */

/* Begin PBXResourcesBuildPhase section */
		27702B0627A0A64800E5E5DD /* Resources */ = {
			isa = PBXResourcesBuildPhase;
			buildActionMask = 2147483647;
			files = (
				27702B1827A0A64900E5E5DD /* LaunchScreen.storyboard in Resources */,
				27702B1527A0A64900E5E5DD /* Assets.xcassets in Resources */,
				27702B1327A0A64800E5E5DD /* Main.storyboard in Resources */,
			);
			runOnlyForDeploymentPostprocessing = 0;
		};
		27702B1C27A0A64900E5E5DD /* Resources */ = {
			isa = PBXResourcesBuildPhase;
			buildActionMask = 2147483647;
			files = (
			);
			runOnlyForDeploymentPostprocessing = 0;
		};
		27702B2627A0A64900E5E5DD /* Resources */ = {
			isa = PBXResourcesBuildPhase;
			buildActionMask = 2147483647;
			files = (
			);
			runOnlyForDeploymentPostprocessing = 0;
		};
/* End PBXResourcesBuildPhase section */

/* Begin PBXSourcesBuildPhase section */
		27702B0427A0A64800E5E5DD /* Sources */ = {
			isa = PBXSourcesBuildPhase;
			buildActionMask = 2147483647;
			files = (
				27702B1027A0A64800E5E5DD /* ViewController.swift in Sources */,
				27702B0C27A0A64800E5E5DD /* AppDelegate.swift in Sources */,
				27702B0E27A0A64800E5E5DD /* SceneDelegate.swift in Sources */,
			);
			runOnlyForDeploymentPostprocessing = 0;
		};
		27702B1A27A0A64900E5E5DD /* Sources */ = {
			isa = PBXSourcesBuildPhase;
			buildActionMask = 2147483647;
			files = (
				27702B2327A0A64900E5E5DD /* SearchListTests.swift in Sources */,
			);
			runOnlyForDeploymentPostprocessing = 0;
		};
		27702B2427A0A64900E5E5DD /* Sources */ = {
			isa = PBXSourcesBuildPhase;
			buildActionMask = 2147483647;
			files = (
				27702B2F27A0A64900E5E5DD /* SearchListUITestsLaunchTests.swift in Sources */,
				27702B2D27A0A64900E5E5DD /* SearchListUITests.swift in Sources */,
			);
			runOnlyForDeploymentPostprocessing = 0;
		};
/* End PBXSourcesBuildPhase section */

/* Begin PBXTargetDependency section */
		27702B2027A0A64900E5E5DD /* PBXTargetDependency */ = {
			isa = PBXTargetDependency;
			target = 27702B0727A0A64800E5E5DD /* SearchList */;
			targetProxy = 27702B1F27A0A64900E5E5DD /* PBXContainerItemProxy */;
		};
		27702B2A27A0A64900E5E5DD /* PBXTargetDependency */ = {
			isa = PBXTargetDependency;
			target = 27702B0727A0A64800E5E5DD /* SearchList */;
			targetProxy = 27702B2927A0A64900E5E5DD /* PBXContainerItemProxy */;
		};
/* End PBXTargetDependency section */

/* Begin PBXVariantGroup section */
		27702B1127A0A64800E5E5DD /* Main.storyboard */ = {
			isa = PBXVariantGroup;
			children = (
				27702B1227A0A64800E5E5DD /* Base */,
			);
			name = Main.storyboard;
			sourceTree = "<group>";
		};
		27702B1627A0A64900E5E5DD /* LaunchScreen.storyboard */ = {
			isa = PBXVariantGroup;
			children = (
				27702B1727A0A64900E5E5DD /* Base */,
			);
			name = LaunchScreen.storyboard;
			sourceTree = "<group>";
		};
/* End PBXVariantGroup section */

/* Begin XCBuildConfiguration section */
		27702B3027A0A64900E5E5DD /* Debug */ = {
			isa = XCBuildConfiguration;
			buildSettings = {
				ALWAYS_SEARCH_USER_PATHS = NO;
				CLANG_ANALYZER_NONNULL = YES;
				CLANG_ANALYZER_NUMBER_OBJECT_CONVERSION = YES_AGGRESSIVE;
				CLANG_CXX_LANGUAGE_STANDARD = "gnu++17";
				CLANG_CXX_LIBRARY = "libc++";
				CLANG_ENABLE_MODULES = YES;
				CLANG_ENABLE_OBJC_ARC = YES;
				CLANG_ENABLE_OBJC_WEAK = YES;
				CLANG_WARN_BLOCK_CAPTURE_AUTORELEASING = YES;
				CLANG_WARN_BOOL_CONVERSION = YES;
				CLANG_WARN_COMMA = YES;
				CLANG_WARN_CONSTANT_CONVERSION = YES;
				CLANG_WARN_DEPRECATED_OBJC_IMPLEMENTATIONS = YES;
				CLANG_WARN_DIRECT_OBJC_ISA_USAGE = YES_ERROR;
				CLANG_WARN_DOCUMENTATION_COMMENTS = YES;
				CLANG_WARN_EMPTY_BODY = YES;
				CLANG_WARN_ENUM_CONVERSION = YES;
				CLANG_WARN_INFINITE_RECURSION = YES;
				CLANG_WARN_INT_CONVERSION = YES;
				CLANG_WARN_NON_LITERAL_NULL_CONVERSION = YES;
				CLANG_WARN_OBJC_IMPLICIT_RETAIN_SELF = YES;
				CLANG_WARN_OBJC_LITERAL_CONVERSION = YES;
				CLANG_WARN_OBJC_ROOT_CLASS = YES_ERROR;
				CLANG_WARN_QUOTED_INCLUDE_IN_FRAMEWORK_HEADER = YES;
				CLANG_WARN_RANGE_LOOP_ANALYSIS = YES;
				CLANG_WARN_STRICT_PROTOTYPES = YES;
				CLANG_WARN_SUSPICIOUS_MOVE = YES;
				CLANG_WARN_UNGUARDED_AVAILABILITY = YES_AGGRESSIVE;
				CLANG_WARN_UNREACHABLE_CODE = YES;
				CLANG_WARN__DUPLICATE_METHOD_MATCH = YES;
				COPY_PHASE_STRIP = NO;
				DEBUG_INFORMATION_FORMAT = dwarf;
				ENABLE_STRICT_OBJC_MSGSEND = YES;
				ENABLE_TESTABILITY = YES;
				GCC_C_LANGUAGE_STANDARD = gnu11;
				GCC_DYNAMIC_NO_PIC = NO;
				GCC_NO_COMMON_BLOCKS = YES;
				GCC_OPTIMIZATION_LEVEL = 0;
				GCC_PREPROCESSOR_DEFINITIONS = (
					"DEBUG=1",
					"$(inherited)",
				);
				GCC_WARN_64_TO_32_BIT_CONVERSION = YES;
				GCC_WARN_ABOUT_RETURN_TYPE = YES_ERROR;
				GCC_WARN_UNDECLARED_SELECTOR = YES;
				GCC_WARN_UNINITIALIZED_AUTOS = YES_AGGRESSIVE;
				GCC_WARN_UNUSED_FUNCTION = YES;
				GCC_WARN_UNUSED_VARIABLE = YES;
				IPHONEOS_DEPLOYMENT_TARGET = 15.0;
				MTL_ENABLE_DEBUG_INFO = INCLUDE_SOURCE;
				MTL_FAST_MATH = YES;
				ONLY_ACTIVE_ARCH = YES;
				SDKROOT = iphoneos;
				SWIFT_ACTIVE_COMPILATION_CONDITIONS = DEBUG;
				SWIFT_OPTIMIZATION_LEVEL = "-Onone";
			};
			name = Debug;
		};
		27702B3127A0A64900E5E5DD /* Release */ = {
			isa = XCBuildConfiguration;
			buildSettings = {
				ALWAYS_SEARCH_USER_PATHS = NO;
				CLANG_ANALYZER_NONNULL = YES;
				CLANG_ANALYZER_NUMBER_OBJECT_CONVERSION = YES_AGGRESSIVE;
				CLANG_CXX_LANGUAGE_STANDARD = "gnu++17";
				CLANG_CXX_LIBRARY = "libc++";
				CLANG_ENABLE_MODULES = YES;
				CLANG_ENABLE_OBJC_ARC = YES;
				CLANG_ENABLE_OBJC_WEAK = YES;
				CLANG_WARN_BLOCK_CAPTURE_AUTORELEASING = YES;
				CLANG_WARN_BOOL_CONVERSION = YES;
				CLANG_WARN_COMMA = YES;
				CLANG_WARN_CONSTANT_CONVERSION = YES;
				CLANG_WARN_DEPRECATED_OBJC_IMPLEMENTATIONS = YES;
				CLANG_WARN_DIRECT_OBJC_ISA_USAGE = YES_ERROR;
				CLANG_WARN_DOCUMENTATION_COMMENTS = YES;
				CLANG_WARN_EMPTY_BODY = YES;
				CLANG_WARN_ENUM_CONVERSION = YES;
				CLANG_WARN_INFINITE_RECURSION = YES;
				CLANG_WARN_INT_CONVERSION = YES;
				CLANG_WARN_NON_LITERAL_NULL_CONVERSION = YES;
				CLANG_WARN_OBJC_IMPLICIT_RETAIN_SELF = YES;
				CLANG_WARN_OBJC_LITERAL_CONVERSION = YES;
				CLANG_WARN_OBJC_ROOT_CLASS = YES_ERROR;
				CLANG_WARN_QUOTED_INCLUDE_IN_FRAMEWORK_HEADER = YES;
				CLANG_WARN_RANGE_LOOP_ANALYSIS = YES;
				CLANG_WARN_STRICT_PROTOTYPES = YES;
				CLANG_WARN_SUSPICIOUS_MOVE = YES;
				CLANG_WARN_UNGUARDED_AVAILABILITY = YES_AGGRESSIVE;
				CLANG_WARN_UNREACHABLE_CODE = YES;
				CLANG_WARN__DUPLICATE_METHOD_MATCH = YES;
				COPY_PHASE_STRIP = NO;
				DEBUG_INFORMATION_FORMAT = "dwarf-with-dsym";
				ENABLE_NS_ASSERTIONS = NO;
				ENABLE_STRICT_OBJC_MSGSEND = YES;
				GCC_C_LANGUAGE_STANDARD = gnu11;
				GCC_NO_COMMON_BLOCKS = YES;
				GCC_WARN_64_TO_32_BIT_CONVERSION = YES;
				GCC_WARN_ABOUT_RETURN_TYPE = YES_ERROR;
				GCC_WARN_UNDECLARED_SELECTOR = YES;
				GCC_WARN_UNINITIALIZED_AUTOS = YES_AGGRESSIVE;
				GCC_WARN_UNUSED_FUNCTION = YES;
				GCC_WARN_UNUSED_VARIABLE = YES;
				IPHONEOS_DEPLOYMENT_TARGET = 15.0;
				MTL_ENABLE_DEBUG_INFO = NO;
				MTL_FAST_MATH = YES;
				SDKROOT = iphoneos;
				SWIFT_COMPILATION_MODE = wholemodule;
				SWIFT_OPTIMIZATION_LEVEL = "-O";
				VALIDATE_PRODUCT = YES;
			};
			name = Release;
		};
		27702B3327A0A64900E5E5DD /* Debug */ = {
			isa = XCBuildConfiguration;
			buildSettings = {
				ASSETCATALOG_COMPILER_APPICON_NAME = AppIcon;
				ASSETCATALOG_COMPILER_GLOBAL_ACCENT_COLOR_NAME = AccentColor;
				CODE_SIGN_STYLE = Automatic;
				CURRENT_PROJECT_VERSION = 1;
				GENERATE_INFOPLIST_FILE = YES;
				INFOPLIST_FILE = SearchList/Info.plist;
				INFOPLIST_KEY_UIApplicationSupportsIndirectInputEvents = YES;
				INFOPLIST_KEY_UILaunchStoryboardName = LaunchScreen;
				INFOPLIST_KEY_UIMainStoryboardFile = Main;
				INFOPLIST_KEY_UISupportedInterfaceOrientations_iPad = "UIInterfaceOrientationPortrait UIInterfaceOrientationPortraitUpsideDown UIInterfaceOrientationLandscapeLeft UIInterfaceOrientationLandscapeRight";
				INFOPLIST_KEY_UISupportedInterfaceOrientations_iPhone = "UIInterfaceOrientationPortrait UIInterfaceOrientationLandscapeLeft UIInterfaceOrientationLandscapeRight";
				LD_RUNPATH_SEARCH_PATHS = (
					"$(inherited)",
					"@executable_path/Frameworks",
				);
				MARKETING_VERSION = 1.0;
				PRODUCT_BUNDLE_IDENTIFIER = search.list.com.SearchList;
				PRODUCT_NAME = "$(TARGET_NAME)";
				SWIFT_EMIT_LOC_STRINGS = YES;
				SWIFT_VERSION = 5.0;
				TARGETED_DEVICE_FAMILY = "1,2";
			};
			name = Debug;
		};
		27702B3427A0A64900E5E5DD /* Release */ = {
			isa = XCBuildConfiguration;
			buildSettings = {
				ASSETCATALOG_COMPILER_APPICON_NAME = AppIcon;
				ASSETCATALOG_COMPILER_GLOBAL_ACCENT_COLOR_NAME = AccentColor;
				CODE_SIGN_STYLE = Automatic;
				CURRENT_PROJECT_VERSION = 1;
				GENERATE_INFOPLIST_FILE = YES;
				INFOPLIST_FILE = SearchList/Info.plist;
				INFOPLIST_KEY_UIApplicationSupportsIndirectInputEvents = YES;
				INFOPLIST_KEY_UILaunchStoryboardName = LaunchScreen;
				INFOPLIST_KEY_UIMainStoryboardFile = Main;
				INFOPLIST_KEY_UISupportedInterfaceOrientations_iPad = "UIInterfaceOrientationPortrait UIInterfaceOrientationPortraitUpsideDown UIInterfaceOrientationLandscapeLeft UIInterfaceOrientationLandscapeRight";
				INFOPLIST_KEY_UISupportedInterfaceOrientations_iPhone = "UIInterfaceOrientationPortrait UIInterfaceOrientationLandscapeLeft UIInterfaceOrientationLandscapeRight";
				LD_RUNPATH_SEARCH_PATHS = (
					"$(inherited)",
					"@executable_path/Frameworks",
				);
				MARKETING_VERSION = 1.0;
				PRODUCT_BUNDLE_IDENTIFIER = search.list.com.SearchList;
				PRODUCT_NAME = "$(TARGET_NAME)";
				SWIFT_EMIT_LOC_STRINGS = YES;
				SWIFT_VERSION = 5.0;
				TARGETED_DEVICE_FAMILY = "1,2";
			};
			name = Release;
		};
		27702B3627A0A64900E5E5DD /* Debug */ = {
			isa = XCBuildConfiguration;
			buildSettings = {
				ALWAYS_EMBED_SWIFT_STANDARD_LIBRARIES = YES;
				BUNDLE_LOADER = "$(TEST_HOST)";
				CODE_SIGN_STYLE = Automatic;
				CURRENT_PROJECT_VERSION = 1;
				GENERATE_INFOPLIST_FILE = YES;
				IPHONEOS_DEPLOYMENT_TARGET = 15.0;
				LD_RUNPATH_SEARCH_PATHS = (
					"$(inherited)",
					"@executable_path/Frameworks",
					"@loader_path/Frameworks",
				);
				MARKETING_VERSION = 1.0;
				PRODUCT_BUNDLE_IDENTIFIER = search.list.com.SearchListTests;
				PRODUCT_NAME = "$(TARGET_NAME)";
				SWIFT_EMIT_LOC_STRINGS = NO;
				SWIFT_VERSION = 5.0;
				TARGETED_DEVICE_FAMILY = "1,2";
				TEST_HOST = "$(BUILT_PRODUCTS_DIR)/SearchList.app/SearchList";
			};
			name = Debug;
		};
		27702B3727A0A64900E5E5DD /* Release */ = {
			isa = XCBuildConfiguration;
			buildSettings = {
				ALWAYS_EMBED_SWIFT_STANDARD_LIBRARIES = YES;
				BUNDLE_LOADER = "$(TEST_HOST)";
				CODE_SIGN_STYLE = Automatic;
				CURRENT_PROJECT_VERSION = 1;
				GENERATE_INFOPLIST_FILE = YES;
				IPHONEOS_DEPLOYMENT_TARGET = 15.0;
				LD_RUNPATH_SEARCH_PATHS = (
					"$(inherited)",
					"@executable_path/Frameworks",
					"@loader_path/Frameworks",
				);
				MARKETING_VERSION = 1.0;
				PRODUCT_BUNDLE_IDENTIFIER = search.list.com.SearchListTests;
				PRODUCT_NAME = "$(TARGET_NAME)";
				SWIFT_EMIT_LOC_STRINGS = NO;
				SWIFT_VERSION = 5.0;
				TARGETED_DEVICE_FAMILY = "1,2";
				TEST_HOST = "$(BUILT_PRODUCTS_DIR)/SearchList.app/SearchList";
			};
			name = Release;
		};
		27702B3927A0A64900E5E5DD /* Debug */ = {
			isa = XCBuildConfiguration;
			buildSettings = {
				ALWAYS_EMBED_SWIFT_STANDARD_LIBRARIES = YES;
				CODE_SIGN_STYLE = Automatic;
				CURRENT_PROJECT_VERSION = 1;
				GENERATE_INFOPLIST_FILE = YES;
				LD_RUNPATH_SEARCH_PATHS = (
					"$(inherited)",
					"@executable_path/Frameworks",
					"@loader_path/Frameworks",
				);
				MARKETING_VERSION = 1.0;
				PRODUCT_BUNDLE_IDENTIFIER = search.list.com.SearchListUITests;
				PRODUCT_NAME = "$(TARGET_NAME)";
				SWIFT_EMIT_LOC_STRINGS = NO;
				SWIFT_VERSION = 5.0;
				TARGETED_DEVICE_FAMILY = "1,2";
				TEST_TARGET_NAME = SearchList;
			};
			name = Debug;
		};
		27702B3A27A0A64900E5E5DD /* Release */ = {
			isa = XCBuildConfiguration;
			buildSettings = {
				ALWAYS_EMBED_SWIFT_STANDARD_LIBRARIES = YES;
				CODE_SIGN_STYLE = Automatic;
				CURRENT_PROJECT_VERSION = 1;
				GENERATE_INFOPLIST_FILE = YES;
				LD_RUNPATH_SEARCH_PATHS = (
					"$(inherited)",
					"@executable_path/Frameworks",
					"@loader_path/Frameworks",
				);
				MARKETING_VERSION = 1.0;
				PRODUCT_BUNDLE_IDENTIFIER = search.list.com.SearchListUITests;
				PRODUCT_NAME = "$(TARGET_NAME)";
				SWIFT_EMIT_LOC_STRINGS = NO;
				SWIFT_VERSION = 5.0;
				TARGETED_DEVICE_FAMILY = "1,2";
				TEST_TARGET_NAME = SearchList;
			};
			name = Release;
		};
/* End XCBuildConfiguration section */

/* Begin XCConfigurationList section */
		27702B0327A0A64800E5E5DD /* Build configuration list for PBXProject "SearchList" */ = {
			isa = XCConfigurationList;
			buildConfigurations = (
				27702B3027A0A64900E5E5DD /* Debug */,
				27702B3127A0A64900E5E5DD /* Release */,
			);
			defaultConfigurationIsVisible = 0;
			defaultConfigurationName = Release;
		};
		27702B3227A0A64900E5E5DD /* Build configuration list for PBXNativeTarget "SearchList" */ = {
			isa = XCConfigurationList;
			buildConfigurations = (
				27702B3327A0A64900E5E5DD /* Debug */,
				27702B3427A0A64900E5E5DD /* Release */,
			);
			defaultConfigurationIsVisible = 0;
			defaultConfigurationName = Release;
		};
		27702B3527A0A64900E5E5DD /* Build configuration list for PBXNativeTarget "SearchListTests" */ = {
			isa = XCConfigurationList;
			buildConfigurations = (
				27702B3627A0A64900E5E5DD /* Debug */,
				27702B3727A0A64900E5E5DD /* Release */,
			);
			defaultConfigurationIsVisible = 0;
			defaultConfigurationName = Release;
		};
		27702B3827A0A64900E5E5DD /* Build configuration list for PBXNativeTarget "SearchListUITests" */ = {
			isa = XCConfigurationList;
			buildConfigurations = (
				27702B3927A0A64900E5E5DD /* Debug */,
				27702B3A27A0A64900E5E5DD /* Release */,
			);
			defaultConfigurationIsVisible = 0;
			defaultConfigurationName = Release;
		};
/* End XCConfigurationList section */
	};
	rootObject = 27702B0027A0A64800E5E5DD /* Project object */;
}
